{
  "name": "EC03EJ3UsoNPM",
  "lockfileVersion": 3,
  "requires": true,
  "packages": {
    "": {
      "dependencies": {
        "@pgrdaw/bananize": "^1.0.0"
      }
    },
    "node_modules/@pgrdaw/bananize": {
      "version": "1.0.0",
      "resolved": "https://registry.npmjs.org/@pgrdaw/bananize/-/bananize-1.0.0.tgz",
      "integrity": "sha512-d9gzZz7ixxNHaRDa7kPY3kFrvGsNQn9+GeWtcMQ7ZyNpsTFGEiaEqbHMsK+xyIK5yilbQKbk5jMuOXPWa1497A==",
      "dependencies": {
        "bananize": "^1.0.0"
      }
    },
    "node_modules/bananize": {
      "version": "1.0.0",
      "resolved": "https://registry.npmjs.org/bananize/-/bananize-1.0.0.tgz",
      "integrity": "sha512-DEs6tfUQRKsV7E3vgNbtDreAoNJwrwKtSgggSR/lv4sq9whwlNJNp8qAD8qmVXR7qxZxxPIxzif8eI3gc6TBlA=="
    }
  }
}
